
Microsoft Visual Studio Solution File, Format Version 12.00
# Visual Studio Version 17
VisualStudioVersion = 17.5.002.0
MinimumVisualStudioVersion = 10.0.40219.1
Project("{9A19103F-16F7-4668-BE54-9A1E7A4F7556}") = "01Conceitos", "01Conceitos\01Conceitos.csproj", "{CC27F9DB-794A-4341-A355-3A7DC0FF704C}"
EndProject
Project("{9A19103F-16F7-4668-BE54-9A1E7A4F7556}") = "02Metodos", "02Metodos\02Metodos.csproj", "{862BCA77-8047-496E-AA0E-0CDCDFEBC768}"
EndProject
Global
	GlobalSection(SolutionConfigurationPlatforms) = preSolution
		Debug|Any CPU = Debug|Any CPU
		Release|Any CPU = Release|Any CPU
	EndGlobalSection
	GlobalSection(ProjectConfigurationPlatforms) = postSolution
		{CC27F9DB-794A-4341-A355-3A7DC0FF704C}.Debug|Any CPU.ActiveCfg = Debug|Any CPU
		{CC27F9DB-794A-4341-A355-3A7DC0FF704C}.Debug|Any CPU.Build.0 = Debug|Any CPU
		{CC27F9DB-794A-4341-A355-3A7DC0FF704C}.Release|Any CPU.ActiveCfg = Release|Any CPU
		{CC27F9DB-794A-4341-A355-3A7DC0FF704C}.Release|Any CPU.Build.0 = Release|Any CPU
		{862BCA77-8047-496E-AA0E-0CDCDFEBC768}.Debug|Any CPU.ActiveCfg = Debug|Any CPU
		{862BCA77-8047-496E-AA0E-0CDCDFEBC768}.Debug|Any CPU.Build.0 = Debug|Any CPU
		{862BCA77-8047-496E-AA0E-0CDCDFEBC768}.Release|Any CPU.ActiveCfg = Release|Any CPU
		{862BCA77-8047-496E-AA0E-0CDCDFEBC768}.Release|Any CPU.Build.0 = Release|Any CPU
	EndGlobalSection
	GlobalSection(SolutionProperties) = preSolution
		HideSolutionNode = FALSE
	EndGlobalSection
	GlobalSection(ExtensibilityGlobals) = postSolution
		SolutionGuid = {D302AAD1-FCF6-4581-AC92-DA7380A6649C}
	EndGlobalSection
EndGlobal
